
Microsoft Visual Studio Solution File, Format Version 12.00
# Visual Studio Version 17
VisualStudioVersion = 17.0.31903.59
MinimumVisualStudioVersion = 10.0.40219.1
Project("{9A19103F-16F7-4668-BE54-9A1E7A4F7556}") = "VectorSearch.Domain", "VectorSearch.Domain\VectorSearch.Domain.csproj", "{0C130902-5434-4B85-A2EE-A0ADEFE58D58}"
EndProject
Project("{9A19103F-16F7-4668-BE54-9A1E7A4F7556}") = "VectorSearch.ApplicationService", "VectorSearch.ApplicationService\VectorSearch.ApplicationService.csproj", "{C5864D04-8A17-4A10-986C-021CE41E0996}"
EndProject
Project("{9A19103F-16F7-4668-BE54-9A1E7A4F7556}") = "VectorSearch.EF", "VectorSearch.EF\VectorSearch.EF.csproj", "{7520377C-55E0-48E9-A0E4-12547DA440BB}"
EndProject
Project("{9A19103F-16F7-4668-BE54-9A1E7A4F7556}") = "VectorSearch.WPF", "VectorSearch.WPF\VectorSearch.WPF.csproj", "{0CBD430C-50F2-4B01-9821-ADF662241226}"
EndProject
Global
	GlobalSection(SolutionConfigurationPlatforms) = preSolution
		Debug|Any CPU = Debug|Any CPU
		Release|Any CPU = Release|Any CPU
	EndGlobalSection
	GlobalSection(ProjectConfigurationPlatforms) = postSolution
		{0C130902-5434-4B85-A2EE-A0ADEFE58D58}.Debug|Any CPU.ActiveCfg = Debug|Any CPU
		{0C130902-5434-4B85-A2EE-A0ADEFE58D58}.Debug|Any CPU.Build.0 = Debug|Any CPU
		{0C130902-5434-4B85-A2EE-A0ADEFE58D58}.Release|Any CPU.ActiveCfg = Release|Any CPU
		{0C130902-5434-4B85-A2EE-A0ADEFE58D58}.Release|Any CPU.Build.0 = Release|Any CPU
		{C5864D04-8A17-4A10-986C-021CE41E0996}.Debug|Any CPU.ActiveCfg = Debug|Any CPU
		{C5864D04-8A17-4A10-986C-021CE41E0996}.Debug|Any CPU.Build.0 = Debug|Any CPU
		{C5864D04-8A17-4A10-986C-021CE41E0996}.Release|Any CPU.ActiveCfg = Release|Any CPU
		{C5864D04-8A17-4A10-986C-021CE41E0996}.Release|Any CPU.Build.0 = Release|Any CPU
		{7520377C-55E0-48E9-A0E4-12547DA440BB}.Debug|Any CPU.ActiveCfg = Debug|Any CPU
		{7520377C-55E0-48E9-A0E4-12547DA440BB}.Debug|Any CPU.Build.0 = Debug|Any CPU
		{7520377C-55E0-48E9-A0E4-12547DA440BB}.Release|Any CPU.ActiveCfg = Release|Any CPU
		{7520377C-55E0-48E9-A0E4-12547DA440BB}.Release|Any CPU.Build.0 = Release|Any CPU
		{0CBD430C-50F2-4B01-9821-ADF662241226}.Debug|Any CPU.ActiveCfg = Debug|Any CPU
		{0CBD430C-50F2-4B01-9821-ADF662241226}.Debug|Any CPU.Build.0 = Debug|Any CPU
		{0CBD430C-50F2-4B01-9821-ADF662241226}.Release|Any CPU.ActiveCfg = Release|Any CPU
		{0CBD430C-50F2-4B01-9821-ADF662241226}.Release|Any CPU.Build.0 = Release|Any CPU
	EndGlobalSection
	GlobalSection(SolutionProperties) = preSolution
		HideSolutionNode = FALSE
	EndGlobalSection
	GlobalSection(ExtensibilityGlobals) = postSolution
		SolutionGuid = {3983AB19-8E85-47A0-9522-12634CD9D19C}
	EndGlobalSection
EndGlobal
